
Microsoft Visual Studio Solution File, Format Version 12.00
# Visual Studio 15
VisualStudioVersion = 15.0.27703.2000
MinimumVisualStudioVersion = 10.0.40219.1
Project("{FAE04EC0-301F-11D3-BF4B-00C04F79EFBC}") = "ShoppingCartApi", "ShoppingCartApi\ShoppingCartApi.csproj", "{B05B061F-C129-4025-AAEC-0883FDD1661B}"
EndProject
Global
	GlobalSection(SolutionConfigurationPlatforms) = preSolution
		Debug|Any CPU = Debug|Any CPU
		Release|Any CPU = Release|Any CPU
	EndGlobalSection
	GlobalSection(ProjectConfigurationPlatforms) = postSolution
		{B05B061F-C129-4025-AAEC-0883FDD1661B}.Debug|Any CPU.ActiveCfg = Debug|Any CPU
		{B05B061F-C129-4025-AAEC-0883FDD1661B}.Debug|Any CPU.Build.0 = Debug|Any CPU
		{B05B061F-C129-4025-AAEC-0883FDD1661B}.Release|Any CPU.ActiveCfg = Release|Any CPU
		{B05B061F-C129-4025-AAEC-0883FDD1661B}.Release|Any CPU.Build.0 = Release|Any CPU
	EndGlobalSection
	GlobalSection(SolutionProperties) = preSolution
		HideSolutionNode = FALSE
	EndGlobalSection
	GlobalSection(ExtensibilityGlobals) = postSolution
		SolutionGuid = {504C5CA6-1267-4E23-96B6-590C27AB5F6D}
	EndGlobalSection
EndGlobal
